
Microsoft Visual Studio Solution File, Format Version 12.00
# Visual Studio Version 16
VisualStudioVersion = 16.0.29613.14
MinimumVisualStudioVersion = 10.0.40219.1
Project("{9A19103F-16F7-4668-BE54-9A1E7A4F7556}") = "Delegate", "Delegate\Delegate.csproj", "{EA643966-88A6-4CDB-940F-11933DC8A2C3}"
EndProject
Project("{9A19103F-16F7-4668-BE54-9A1E7A4F7556}") = "Event", "Event\Event.csproj", "{FD832F03-1D87-43B3-B47F-D7B28AA80C1B}"
EndProject
Project("{9A19103F-16F7-4668-BE54-9A1E7A4F7556}") = "DesignPattern", "DesignPattern\DesignPattern.csproj", "{BBB88A90-B847-4B50-9935-BE8B31E67BF9}"
EndProject
Project("{FAE04EC0-301F-11D3-BF4B-00C04F79EFBC}") = "AutoMapperProperties", "AutoMapperProperties\AutoMapperProperties.csproj", "{173E6E7A-02D1-45D6-AE05-4EB1A333312A}"
EndProject
Global
	GlobalSection(SolutionConfigurationPlatforms) = preSolution
		Debug|Any CPU = Debug|Any CPU
		Release|Any CPU = Release|Any CPU
	EndGlobalSection
	GlobalSection(ProjectConfigurationPlatforms) = postSolution
		{EA643966-88A6-4CDB-940F-11933DC8A2C3}.Debug|Any CPU.ActiveCfg = Debug|Any CPU
		{EA643966-88A6-4CDB-940F-11933DC8A2C3}.Debug|Any CPU.Build.0 = Debug|Any CPU
		{EA643966-88A6-4CDB-940F-11933DC8A2C3}.Release|Any CPU.ActiveCfg = Release|Any CPU
		{EA643966-88A6-4CDB-940F-11933DC8A2C3}.Release|Any CPU.Build.0 = Release|Any CPU
		{FD832F03-1D87-43B3-B47F-D7B28AA80C1B}.Debug|Any CPU.ActiveCfg = Debug|Any CPU
		{FD832F03-1D87-43B3-B47F-D7B28AA80C1B}.Debug|Any CPU.Build.0 = Debug|Any CPU
		{FD832F03-1D87-43B3-B47F-D7B28AA80C1B}.Release|Any CPU.ActiveCfg = Release|Any CPU
		{FD832F03-1D87-43B3-B47F-D7B28AA80C1B}.Release|Any CPU.Build.0 = Release|Any CPU
		{BBB88A90-B847-4B50-9935-BE8B31E67BF9}.Debug|Any CPU.ActiveCfg = Debug|Any CPU
		{BBB88A90-B847-4B50-9935-BE8B31E67BF9}.Debug|Any CPU.Build.0 = Debug|Any CPU
		{BBB88A90-B847-4B50-9935-BE8B31E67BF9}.Release|Any CPU.ActiveCfg = Release|Any CPU
		{BBB88A90-B847-4B50-9935-BE8B31E67BF9}.Release|Any CPU.Build.0 = Release|Any CPU
		{173E6E7A-02D1-45D6-AE05-4EB1A333312A}.Debug|Any CPU.ActiveCfg = Debug|Any CPU
		{173E6E7A-02D1-45D6-AE05-4EB1A333312A}.Debug|Any CPU.Build.0 = Debug|Any CPU
		{173E6E7A-02D1-45D6-AE05-4EB1A333312A}.Release|Any CPU.ActiveCfg = Release|Any CPU
		{173E6E7A-02D1-45D6-AE05-4EB1A333312A}.Release|Any CPU.Build.0 = Release|Any CPU
	EndGlobalSection
	GlobalSection(SolutionProperties) = preSolution
		HideSolutionNode = FALSE
	EndGlobalSection
	GlobalSection(ExtensibilityGlobals) = postSolution
		SolutionGuid = {BB9DEE8C-2975-4CF1-B8B6-8173D588190A}
	EndGlobalSection
EndGlobal
