
Microsoft Visual Studio Solution File, Format Version 12.00
# Visual Studio Version 16
VisualStudioVersion = 16.0.810.5
MinimumVisualStudioVersion = 10.0.40219.1
Project("{FAE04EC0-301F-11D3-BF4B-00C04F79EFBC}") = "SignalRChatGroup", "SignalRChatGroup\SignalRChatGroup.csproj", "{FB12B59E-2A2E-4D29-A792-3F0A0D605826}"
EndProject
Global
	GlobalSection(SolutionConfigurationPlatforms) = preSolution
		Debug|Any CPU = Debug|Any CPU
		Release|Any CPU = Release|Any CPU
	EndGlobalSection
	GlobalSection(ProjectConfigurationPlatforms) = postSolution
		{FB12B59E-2A2E-4D29-A792-3F0A0D605826}.Debug|Any CPU.ActiveCfg = Debug|Any CPU
		{FB12B59E-2A2E-4D29-A792-3F0A0D605826}.Debug|Any CPU.Build.0 = Debug|Any CPU
		{FB12B59E-2A2E-4D29-A792-3F0A0D605826}.Release|Any CPU.ActiveCfg = Release|Any CPU
		{FB12B59E-2A2E-4D29-A792-3F0A0D605826}.Release|Any CPU.Build.0 = Release|Any CPU
	EndGlobalSection
	GlobalSection(SolutionProperties) = preSolution
		HideSolutionNode = FALSE
	EndGlobalSection
	GlobalSection(ExtensibilityGlobals) = postSolution
		SolutionGuid = {E2FA065C-FD6B-460F-9394-00DE2DA211D5}
	EndGlobalSection
EndGlobal
